<?xml version="1.0" encoding="utf-8"?>
<Project ToolsVersion="4.0" xmlns="http://schemas.microsoft.com/developer/msbuild/2003">
  <ItemGroup>
    <Filter Include="Source Files">
      <UniqueIdentifier>{4FC737F1-C7A5-4376-A066-2A32D752A2FF}</UniqueIdentifier>
      <Extensions>cpp;c;cc;cxx;def;odl;idl;hpj;bat;asm;asmx</Extensions>
    </Filter>
    <Filter Include="Header Files">
      <UniqueIdentifier>{93995380-89BD-4b04-88EB-625FBE52EBFB}</UniqueIdentifier>
      <Extensions>h;hh;hpp;hxx;hm;inl;inc;ipp;xsd</Extensions>
    </Filter>
    <Filter Include="Resource Files">
      <UniqueIdentifier>{67DA6AB6-F800-4c08-8B7A-83BB121AAD01}</UniqueIdentifier>
      <Extensions>rc;ico;cur;bmp;dlg;rc2;rct;bin;rgs;gif;jpg;jpeg;jpe;resx;tiff;tif;png;wav;mfcribbon-ms</Extensions>
    </Filter>
    <Filter Include="Header Files\Zeni">
      <UniqueIdentifier>{2c04aa9a-e3e1-4603-9f5c-25c92dd8a3f9}</UniqueIdentifier>
    </Filter>
    <Filter Include="Source Files\Zeni">
      <UniqueIdentifier>{c409d3d0-f63a-493b-b1e9-c8a207160c4d}</UniqueIdentifier>
    </Filter>
  </ItemGroup>
  <ItemGroup>
    <ClInclude Include="..\include\Zeni\Concurrency\Job.hpp">
      <Filter>Header Files\Zeni</Filter>
    </ClInclude>
    <ClInclude Include="..\include\Zeni\Concurrency\Job_Queue.hpp">
      <Filter>Header Files\Zeni</Filter>
    </ClInclude>
    <ClInclude Include="..\include\Zeni\Concurrency\Linkage.hpp">
      <Filter>Header Files\Zeni</Filter>
    </ClInclude>
    <ClInclude Include="..\include\Zeni\Concurrency\Maester.hpp">
      <Filter>Header Files\Zeni</Filter>
    </ClInclude>
    <ClInclude Include="..\include\Zeni\Concurrency\Mutex.hpp">
      <Filter>Header Files\Zeni</Filter>
    </ClInclude>
    <ClInclude Include="..\include\Zeni\Concurrency\Raven.hpp">
      <Filter>Header Files\Zeni</Filter>
    </ClInclude>
    <ClInclude Include="..\include\Zeni\Utility.hpp">
      <Filter>Header Files\Zeni</Filter>
    </ClInclude>
    <ClInclude Include="..\include\Zeni\Concurrency\Memory_Pool.hpp">
      <Filter>Header Files\Zeni</Filter>
    </ClInclude>
    <ClInclude Include="..\include\Zeni\Concurrency\Thread_Pool.hpp">
      <Filter>Header Files\Zeni</Filter>
    </ClInclude>
    <ClInclude Include="..\include\Zeni\Concurrency\Memory_Pools.hpp">
      <Filter>Header Files\Zeni</Filter>
    </ClInclude>
  </ItemGroup>
  <ItemGroup>
    <ClCompile Include="..\src\Zeni\Concurrency\Job_Queue.cpp">
      <Filter>Source Files\Zeni</Filter>
    </ClCompile>
    <ClCompile Include="..\src\Zeni\Concurrency\Maester.cpp">
      <Filter>Source Files\Zeni</Filter>
    </ClCompile>
    <ClCompile Include="..\src\Zeni\Concurrency\Mutex.cpp">
      <Filter>Source Files\Zeni</Filter>
    </ClCompile>
    <ClCompile Include="..\src\Zeni\Concurrency\Raven.cpp">
      <Filter>Source Files\Zeni</Filter>
    </ClCompile>
    <ClCompile Include="..\src\Zeni\Concurrency\Thread_Pool.cpp">
      <Filter>Source Files\Zeni</Filter>
    </ClCompile>
    <ClCompile Include="..\src\Zeni\Utility.cpp">
      <Filter>Source Files\Zeni</Filter>
    </ClCompile>
    <ClCompile Include="..\src\Zeni\Concurrency\Memory_Pool.cpp">
      <Filter>Source Files\Zeni</Filter>
    </ClCompile>
    <ClCompile Include="..\src\Zeni\New_and_Delete.cpp">
      <Filter>Source Files\Zeni</Filter>
    </ClCompile>
    <ClCompile Include="..\src\Zeni\Concurrency\Memory_Pools.cpp">
      <Filter>Source Files\Zeni</Filter>
    </ClCompile>
    <ClCompile Include="..\src\Zeni\Concurrency\Job.cpp">
      <Filter>Source Files\Zeni</Filter>
    </ClCompile>
  </ItemGroup>
</Project>